
Microsoft Visual Studio Solution File, Format Version 12.00
# Visual Studio Version 16
VisualStudioVersion = 16.0.29709.97
MinimumVisualStudioVersion = 10.0.40219.1
Project("{FAE04EC0-301F-11D3-BF4B-00C04F79EFBC}") = "Car4Hire", "Car4Hire\Car4Hire.csproj", "{295EED97-6EC4-471C-BF19-0F16F9DAD055}"
EndProject
Global
	GlobalSection(SolutionConfigurationPlatforms) = preSolution
		Debug|Any CPU = Debug|Any CPU
		Release|Any CPU = Release|Any CPU
	EndGlobalSection
	GlobalSection(ProjectConfigurationPlatforms) = postSolution
		{295EED97-6EC4-471C-BF19-0F16F9DAD055}.Debug|Any CPU.ActiveCfg = Debug|Any CPU
		{295EED97-6EC4-471C-BF19-0F16F9DAD055}.Debug|Any CPU.Build.0 = Debug|Any CPU
		{295EED97-6EC4-471C-BF19-0F16F9DAD055}.Release|Any CPU.ActiveCfg = Release|Any CPU
		{295EED97-6EC4-471C-BF19-0F16F9DAD055}.Release|Any CPU.Build.0 = Release|Any CPU
	EndGlobalSection
	GlobalSection(SolutionProperties) = preSolution
		HideSolutionNode = FALSE
	EndGlobalSection
	GlobalSection(ExtensibilityGlobals) = postSolution
		SolutionGuid = {BF32CC7B-6A56-4775-8335-87AAB0E2A6CC}
	EndGlobalSection
EndGlobal
